
Microsoft Visual Studio Solution File, Format Version 12.00
# Visual Studio Version 16
VisualStudioVersion = 16.0.31613.86
MinimumVisualStudioVersion = 10.0.40219.1
Project("{9A19103F-16F7-4668-BE54-9A1E7A4F7556}") = "MKTFY.API", "MKTFY.API\MKTFY.API.csproj", "{4C8B6C73-7E44-4115-8697-F138242F1ECF}"
EndProject
Project("{E53339B2-1760-4266-BCC7-CA923CBCF16C}") = "docker-compose", "docker-compose.dcproj", "{7C95B1F8-CD59-4D3C-9C4F-C27405786E5A}"
EndProject
Project("{9A19103F-16F7-4668-BE54-9A1E7A4F7556}") = "MKTFY.Models", "MKTFY.Models\MKTFY.Models.csproj", "{7BB642CE-1CBD-4E8C-A84A-6B841B8BCBB5}"
EndProject
Project("{9A19103F-16F7-4668-BE54-9A1E7A4F7556}") = "MKTFY.Services", "MKTFY.Services\MKTFY.Services.csproj", "{F82E2049-8B6F-45D2-8584-B1F22FDF3198}"
EndProject
Project("{9A19103F-16F7-4668-BE54-9A1E7A4F7556}") = "MKTFY.Repositories", "MKTFY.Repositories\MKTFY.Repositories.csproj", "{9741164C-75F6-4A48-A72B-E2241BE56BCD}"
EndProject
Project("{FAE04EC0-301F-11D3-BF4B-00C04F79EFBC}") = "MKTFY.Shared", "..\MKTFY.Shared\MKTFY.Shared.csproj", "{A1AA4755-3511-4B9B-85CA-7931A91163E6}"
EndProject
Global
	GlobalSection(SolutionConfigurationPlatforms) = preSolution
		Debug|Any CPU = Debug|Any CPU
		Release|Any CPU = Release|Any CPU
	EndGlobalSection
	GlobalSection(ProjectConfigurationPlatforms) = postSolution
		{4C8B6C73-7E44-4115-8697-F138242F1ECF}.Debug|Any CPU.ActiveCfg = Debug|Any CPU
		{4C8B6C73-7E44-4115-8697-F138242F1ECF}.Debug|Any CPU.Build.0 = Debug|Any CPU
		{4C8B6C73-7E44-4115-8697-F138242F1ECF}.Release|Any CPU.ActiveCfg = Release|Any CPU
		{4C8B6C73-7E44-4115-8697-F138242F1ECF}.Release|Any CPU.Build.0 = Release|Any CPU
		{7C95B1F8-CD59-4D3C-9C4F-C27405786E5A}.Debug|Any CPU.ActiveCfg = Debug|Any CPU
		{7C95B1F8-CD59-4D3C-9C4F-C27405786E5A}.Debug|Any CPU.Build.0 = Debug|Any CPU
		{7C95B1F8-CD59-4D3C-9C4F-C27405786E5A}.Release|Any CPU.ActiveCfg = Release|Any CPU
		{7C95B1F8-CD59-4D3C-9C4F-C27405786E5A}.Release|Any CPU.Build.0 = Release|Any CPU
		{7BB642CE-1CBD-4E8C-A84A-6B841B8BCBB5}.Debug|Any CPU.ActiveCfg = Debug|Any CPU
		{7BB642CE-1CBD-4E8C-A84A-6B841B8BCBB5}.Debug|Any CPU.Build.0 = Debug|Any CPU
		{7BB642CE-1CBD-4E8C-A84A-6B841B8BCBB5}.Release|Any CPU.ActiveCfg = Release|Any CPU
		{7BB642CE-1CBD-4E8C-A84A-6B841B8BCBB5}.Release|Any CPU.Build.0 = Release|Any CPU
		{F82E2049-8B6F-45D2-8584-B1F22FDF3198}.Debug|Any CPU.ActiveCfg = Debug|Any CPU
		{F82E2049-8B6F-45D2-8584-B1F22FDF3198}.Debug|Any CPU.Build.0 = Debug|Any CPU
		{F82E2049-8B6F-45D2-8584-B1F22FDF3198}.Release|Any CPU.ActiveCfg = Release|Any CPU
		{F82E2049-8B6F-45D2-8584-B1F22FDF3198}.Release|Any CPU.Build.0 = Release|Any CPU
		{9741164C-75F6-4A48-A72B-E2241BE56BCD}.Debug|Any CPU.ActiveCfg = Debug|Any CPU
		{9741164C-75F6-4A48-A72B-E2241BE56BCD}.Debug|Any CPU.Build.0 = Debug|Any CPU
		{9741164C-75F6-4A48-A72B-E2241BE56BCD}.Release|Any CPU.ActiveCfg = Release|Any CPU
		{9741164C-75F6-4A48-A72B-E2241BE56BCD}.Release|Any CPU.Build.0 = Release|Any CPU
		{A1AA4755-3511-4B9B-85CA-7931A91163E6}.Debug|Any CPU.ActiveCfg = Debug|Any CPU
		{A1AA4755-3511-4B9B-85CA-7931A91163E6}.Debug|Any CPU.Build.0 = Debug|Any CPU
		{A1AA4755-3511-4B9B-85CA-7931A91163E6}.Release|Any CPU.ActiveCfg = Release|Any CPU
		{A1AA4755-3511-4B9B-85CA-7931A91163E6}.Release|Any CPU.Build.0 = Release|Any CPU
	EndGlobalSection
	GlobalSection(SolutionProperties) = preSolution
		HideSolutionNode = FALSE
	EndGlobalSection
	GlobalSection(ExtensibilityGlobals) = postSolution
		SolutionGuid = {C6A4DB1F-E372-470F-9F54-B508696C3A5D}
	EndGlobalSection
EndGlobal
